
Microsoft Visual Studio Solution File, Format Version 12.00
# Visual Studio Version 17
VisualStudioVersion = 17.4.33213.308
MinimumVisualStudioVersion = 10.0.40219.1
Project("{FAE04EC0-301F-11D3-BF4B-00C04F79EFBC}") = "ConsoleAppHerencia", "ConsoleAppHerencia\ConsoleAppHerencia.csproj", "{CBA21107-5956-4507-B8D4-4048FDEA8DE1}"
EndProject
Project("{FAE04EC0-301F-11D3-BF4B-00C04F79EFBC}") = "Entidades", "Entidades\Entidades.csproj", "{35D5B73D-01C7-48A7-B7D5-4322BC8EB781}"
EndProject
Project("{FAE04EC0-301F-11D3-BF4B-00C04F79EFBC}") = "Validaciones", "Validaciones\Validaciones.csproj", "{B48C51AA-4A6F-4AE5-999B-E1D04ADFB953}"
EndProject
Global
	GlobalSection(SolutionConfigurationPlatforms) = preSolution
		Debug|Any CPU = Debug|Any CPU
		Release|Any CPU = Release|Any CPU
	EndGlobalSection
	GlobalSection(ProjectConfigurationPlatforms) = postSolution
		{CBA21107-5956-4507-B8D4-4048FDEA8DE1}.Debug|Any CPU.ActiveCfg = Debug|Any CPU
		{CBA21107-5956-4507-B8D4-4048FDEA8DE1}.Debug|Any CPU.Build.0 = Debug|Any CPU
		{CBA21107-5956-4507-B8D4-4048FDEA8DE1}.Release|Any CPU.ActiveCfg = Release|Any CPU
		{CBA21107-5956-4507-B8D4-4048FDEA8DE1}.Release|Any CPU.Build.0 = Release|Any CPU
		{35D5B73D-01C7-48A7-B7D5-4322BC8EB781}.Debug|Any CPU.ActiveCfg = Debug|Any CPU
		{35D5B73D-01C7-48A7-B7D5-4322BC8EB781}.Debug|Any CPU.Build.0 = Debug|Any CPU
		{35D5B73D-01C7-48A7-B7D5-4322BC8EB781}.Release|Any CPU.ActiveCfg = Release|Any CPU
		{35D5B73D-01C7-48A7-B7D5-4322BC8EB781}.Release|Any CPU.Build.0 = Release|Any CPU
		{B48C51AA-4A6F-4AE5-999B-E1D04ADFB953}.Debug|Any CPU.ActiveCfg = Debug|Any CPU
		{B48C51AA-4A6F-4AE5-999B-E1D04ADFB953}.Debug|Any CPU.Build.0 = Debug|Any CPU
		{B48C51AA-4A6F-4AE5-999B-E1D04ADFB953}.Release|Any CPU.ActiveCfg = Release|Any CPU
		{B48C51AA-4A6F-4AE5-999B-E1D04ADFB953}.Release|Any CPU.Build.0 = Release|Any CPU
	EndGlobalSection
	GlobalSection(SolutionProperties) = preSolution
		HideSolutionNode = FALSE
	EndGlobalSection
	GlobalSection(ExtensibilityGlobals) = postSolution
		SolutionGuid = {7C968B29-A819-4BF6-9B85-CE76D8E37F3D}
	EndGlobalSection
EndGlobal
